
Microsoft Visual Studio Solution File, Format Version 12.00
# Visual Studio Version 16
VisualStudioVersion = 16.0.31321.278
MinimumVisualStudioVersion = 10.0.40219.1
Project("{FAE04EC0-301F-11D3-BF4B-00C04F79EFBC}") = "Overloading+", "Overloading+\Overloading+.csproj", "{F2362108-E3D2-40B1-94A6-62B3429C6DF2}"
EndProject
Global
	GlobalSection(SolutionConfigurationPlatforms) = preSolution
		Debug|Any CPU = Debug|Any CPU
		Release|Any CPU = Release|Any CPU
	EndGlobalSection
	GlobalSection(ProjectConfigurationPlatforms) = postSolution
		{F2362108-E3D2-40B1-94A6-62B3429C6DF2}.Debug|Any CPU.ActiveCfg = Debug|Any CPU
		{F2362108-E3D2-40B1-94A6-62B3429C6DF2}.Debug|Any CPU.Build.0 = Debug|Any CPU
		{F2362108-E3D2-40B1-94A6-62B3429C6DF2}.Release|Any CPU.ActiveCfg = Release|Any CPU
		{F2362108-E3D2-40B1-94A6-62B3429C6DF2}.Release|Any CPU.Build.0 = Release|Any CPU
	EndGlobalSection
	GlobalSection(SolutionProperties) = preSolution
		HideSolutionNode = FALSE
	EndGlobalSection
	GlobalSection(ExtensibilityGlobals) = postSolution
		SolutionGuid = {45F61C0A-EABC-4CF3-9333-0F4B47D2EC8E}
	EndGlobalSection
EndGlobal
